{
  "name": "@fds-components-public/fds-gyre-extensions",
  "version": "1.0.2",
  "lockfileVersion": 2,
  "requires": true,
  "packages": {
    "": {
      "name": "@fds-components-public/fds-gyre-extensions",
      "version": "1.0.2",
      "dependencies": {
        "@fds-components-public/fds-gradient-editor": "^1.0.9",
        "@fds-components-public/fds-gradient-slider": "^1.0.1"
      }
    },
    "node_modules/@fds-components-public/fds-gradient-editor": {
      "version": "1.0.9",
      "resolved": "https://registry.npmjs.org/@fds-components-public/fds-gradient-editor/-/fds-gradient-editor-1.0.9.tgz",
      "integrity": "sha512-23O1q6sYiYWhVLUZwUXPb4+w8EqVfdHnmeF7gtbboDjmRmcJCIVqdHCfVicGddQ4NV/GxwCMMfvKvAhOlZkpWA=="
    },
    "node_modules/@fds-components-public/fds-gradient-slider": {
      "version": "1.0.1",
      "resolved": "https://registry.npmjs.org/@fds-components-public/fds-gradient-slider/-/fds-gradient-slider-1.0.1.tgz",
      "integrity": "sha512-XJhWLntcil9Jx30b3J8z5ws5JBzLJBqWkvlW+HlVOZg+aegMBB0xv9tfp+aX1d/7PpuHXber1Wtpr1IriHvbtg==",
      "dependencies": {
        "yootils": "^0.3.1"
      }
    },
    "node_modules/yootils": {
      "version": "0.3.1",
      "resolved": "https://registry.npmjs.org/yootils/-/yootils-0.3.1.tgz",
      "integrity": "sha512-A7AMeJfGefk317I/3tBoUYRcDcNavKEkpiPN/nQsBz/viI2GvT7BtrqdPD6rGqBFN8Ax7v4obf+Cl32JF9DDVw=="
    }
  },
  "dependencies": {
    "@fds-components-public/fds-gradient-editor": {
      "version": "1.0.9",
      "resolved": "https://registry.npmjs.org/@fds-components-public/fds-gradient-editor/-/fds-gradient-editor-1.0.9.tgz",
      "integrity": "sha512-23O1q6sYiYWhVLUZwUXPb4+w8EqVfdHnmeF7gtbboDjmRmcJCIVqdHCfVicGddQ4NV/GxwCMMfvKvAhOlZkpWA=="
    },
    "@fds-components-public/fds-gradient-slider": {
      "version": "1.0.1",
      "resolved": "https://registry.npmjs.org/@fds-components-public/fds-gradient-slider/-/fds-gradient-slider-1.0.1.tgz",
      "integrity": "sha512-XJhWLntcil9Jx30b3J8z5ws5JBzLJBqWkvlW+HlVOZg+aegMBB0xv9tfp+aX1d/7PpuHXber1Wtpr1IriHvbtg==",
      "requires": {
        "yootils": "^0.3.1"
      }
    },
    "yootils": {
      "version": "0.3.1",
      "resolved": "https://registry.npmjs.org/yootils/-/yootils-0.3.1.tgz",
      "integrity": "sha512-A7AMeJfGefk317I/3tBoUYRcDcNavKEkpiPN/nQsBz/viI2GvT7BtrqdPD6rGqBFN8Ax7v4obf+Cl32JF9DDVw=="
    }
  }
}
