{
  "name": "gyre-extensions",
  "lockfileVersion": 3,
  "requires": true,
  "packages": {
    "": {
      "dependencies": {
        "@fds-components/fds-gradient-editor": "^1.0.5",
        "@fds-components/fds-gradient-slider": "^1.0.8"
      }
    },
    "node_modules/@fds-components/fds-gradient-editor": {
      "version": "1.0.9",
      "resolved": "https://registry.npmjs.org/@fds-components/fds-gradient-editor/-/fds-gradient-editor-1.0.9.tgz",
      "integrity": "sha512-jgwk8/uxIYP8VrD5etD1saCdIqi163hTYIcQbQECqH35ryxRqEAtrInTkWSogdWPUeoz0iY0+smsTYjzJ57M5A=="
    },
    "node_modules/@fds-components/fds-gradient-slider": {
      "version": "1.0.9",
      "resolved": "https://registry.npmjs.org/@fds-components/fds-gradient-slider/-/fds-gradient-slider-1.0.9.tgz",
      "integrity": "sha512-cxN09Mc3qsFzUQczWWtGLc+Mca9H40tGgCOu39PhR5xR3Zmg8VJgcJN5cWul3EMQTYsI44CpzRuMdI0aDNM/Nw==",
      "dependencies": {
        "yootils": "^0.3.1"
      }
    },
    "node_modules/yootils": {
      "version": "0.3.1",
      "resolved": "https://registry.npmjs.org/yootils/-/yootils-0.3.1.tgz",
      "integrity": "sha512-A7AMeJfGefk317I/3tBoUYRcDcNavKEkpiPN/nQsBz/viI2GvT7BtrqdPD6rGqBFN8Ax7v4obf+Cl32JF9DDVw=="
    }
  }
}
