{
  "name": "gyre_entry",
  "lockfileVersion": 3,
  "requires": true,
  "packages": {
    "": {
      "dependencies": {
        "@fds-components/fds-gradient-editor": "^1.0.5",
        "@fds-components/fds-gradient-slider": "^1.0.8"
      }
    },
    "node_modules/@fds-components/fds-gradient-editor": {
      "version": "1.0.5",
      "resolved": "https://gitlab.fdog.de/api/v4/projects/197/packages/npm/@fds-components/fds-gradient-editor/-/@fds-components/fds-gradient-editor-1.0.5.tgz",
      "integrity": "sha1-BMQabbzw2b3meFSCD1iFd8PD53Q="
    },
    "node_modules/@fds-components/fds-gradient-slider": {
      "version": "1.0.8",
      "resolved": "https://gitlab.fdog.de/api/v4/projects/197/packages/npm/@fds-components/fds-gradient-slider/-/@fds-components/fds-gradient-slider-1.0.8.tgz",
      "integrity": "sha1-kgK9H0joVrdIeYNCAaQhG3Kbk1Q=",
      "dependencies": {
        "yootils": "^0.3.1"
      }
    },
    "node_modules/yootils": {
      "version": "0.3.1",
      "resolved": "https://registry.npmjs.org/yootils/-/yootils-0.3.1.tgz",
      "integrity": "sha512-A7AMeJfGefk317I/3tBoUYRcDcNavKEkpiPN/nQsBz/viI2GvT7BtrqdPD6rGqBFN8Ax7v4obf+Cl32JF9DDVw=="
    }
  }
}
