{
  "name": "gyre_entry",
  "lockfileVersion": 2,
  "requires": true,
  "packages": {
    "": {
      "dependencies": {
        "@fds-components-public/fds-brush-caligraphy": "^1.0.2",
        "@fds-components-public/fds-gradient-editor": "^1.0.10",
        "@fds-components-public/fds-gradient-slider": "^1.0.4",
        "@fds-components-public/fds-image-editor-adjustment-layer": "^1.0.5",
        "@fds-components-public/fds-image-editor-compare": "^1.0.2",
        "@fds-components-public/fds-image-editor-sam": "^1.0.5",
        "@fds-components-public/fds-image-editor-text": "^1.0.7"
      }
    },
    "node_modules/@fds-components-public/fds-brush-caligraphy": {
      "version": "1.0.2",
      "resolved": "https://registry.npmjs.org/@fds-components-public/fds-brush-caligraphy/-/fds-brush-caligraphy-1.0.2.tgz",
      "integrity": "sha512-3eSgiDaqpdwCtZYTMrIb20KlJHZeCpEeG/osTdLolKFef/j/YXc8ZH5xSqYBzVRk2D+4WGyCST6xrLd+ZqnQTw=="
    },
    "node_modules/@fds-components-public/fds-gradient-editor": {
      "version": "1.0.10",
      "resolved": "https://registry.npmjs.org/@fds-components-public/fds-gradient-editor/-/fds-gradient-editor-1.0.10.tgz",
      "integrity": "sha512-aYtJxKRhaik1Ep8WMpE0m/n7OfGwKQYqFi4BJHGtik1F2itaMszunMFwZ2bZJaI+VqBIkqDaENBgYS9gsi1ZPg=="
    },
    "node_modules/@fds-components-public/fds-gradient-slider": {
      "version": "1.0.4",
      "resolved": "https://registry.npmjs.org/@fds-components-public/fds-gradient-slider/-/fds-gradient-slider-1.0.4.tgz",
      "integrity": "sha512-gk/k6CxCSw3ZXDgqvx3c8G/puTbdaXD/R8Oky2pADf92kJuq0AAiWl037sWA0fHMyDGq8jLYjJ9O/p1cCKow1w=="
    },
    "node_modules/@fds-components-public/fds-image-editor-adjustment-layer": {
      "version": "1.0.5",
      "resolved": "https://registry.npmjs.org/@fds-components-public/fds-image-editor-adjustment-layer/-/fds-image-editor-adjustment-layer-1.0.5.tgz",
      "integrity": "sha512-Pe2Sw+D+/25BQLN2c0boWyTzoXNguuGhX8eSU7KArGXmcNvsF7Unzo5LNYlZ+zjKoFTzUdnbbsC0EAoKVjHD+w=="
    },
    "node_modules/@fds-components-public/fds-image-editor-compare": {
      "version": "1.0.2",
      "resolved": "https://registry.npmjs.org/@fds-components-public/fds-image-editor-compare/-/fds-image-editor-compare-1.0.2.tgz",
      "integrity": "sha512-vqDlKoKU7tb6cIy5LTYITlSvUfgwI7BLD/v34EWm8E2V/b0fvDeFCf7sn0jQr2VVe6yWOxXvTiMrqAC/BMYFLw=="
    },
    "node_modules/@fds-components-public/fds-image-editor-sam": {
      "version": "1.0.5",
      "resolved": "https://registry.npmjs.org/@fds-components-public/fds-image-editor-sam/-/fds-image-editor-sam-1.0.5.tgz",
      "integrity": "sha512-AE0D7FA+y3FyvdqcZYdn9nQZX6++8Gjs6Lm5khlCQHVOQLGoNEP1UO0CRjcMKzV22OvhmSOTxLroewoXhJ6gcw=="
    },
    "node_modules/@fds-components-public/fds-image-editor-text": {
      "version": "1.0.7",
      "resolved": "https://registry.npmjs.org/@fds-components-public/fds-image-editor-text/-/fds-image-editor-text-1.0.7.tgz",
      "integrity": "sha512-PzQ9Hu5wFVoasNFGwdKUqgwUz7ucKWqpS/V+8cqQ19ub9QNqgFdnYXquk9yuGHFPTqq+bxXPK4FkRzLD5uAOdg=="
    }
  },
  "dependencies": {
    "@fds-components-public/fds-brush-caligraphy": {
      "version": "1.0.2",
      "resolved": "https://registry.npmjs.org/@fds-components-public/fds-brush-caligraphy/-/fds-brush-caligraphy-1.0.2.tgz",
      "integrity": "sha512-3eSgiDaqpdwCtZYTMrIb20KlJHZeCpEeG/osTdLolKFef/j/YXc8ZH5xSqYBzVRk2D+4WGyCST6xrLd+ZqnQTw=="
    },
    "@fds-components-public/fds-gradient-editor": {
      "version": "1.0.10",
      "resolved": "https://registry.npmjs.org/@fds-components-public/fds-gradient-editor/-/fds-gradient-editor-1.0.10.tgz",
      "integrity": "sha512-aYtJxKRhaik1Ep8WMpE0m/n7OfGwKQYqFi4BJHGtik1F2itaMszunMFwZ2bZJaI+VqBIkqDaENBgYS9gsi1ZPg=="
    },
    "@fds-components-public/fds-gradient-slider": {
      "version": "1.0.4",
      "resolved": "https://registry.npmjs.org/@fds-components-public/fds-gradient-slider/-/fds-gradient-slider-1.0.4.tgz",
      "integrity": "sha512-gk/k6CxCSw3ZXDgqvx3c8G/puTbdaXD/R8Oky2pADf92kJuq0AAiWl037sWA0fHMyDGq8jLYjJ9O/p1cCKow1w=="
    },
    "@fds-components-public/fds-image-editor-adjustment-layer": {
      "version": "1.0.5",
      "resolved": "https://registry.npmjs.org/@fds-components-public/fds-image-editor-adjustment-layer/-/fds-image-editor-adjustment-layer-1.0.5.tgz",
      "integrity": "sha512-Pe2Sw+D+/25BQLN2c0boWyTzoXNguuGhX8eSU7KArGXmcNvsF7Unzo5LNYlZ+zjKoFTzUdnbbsC0EAoKVjHD+w=="
    },
    "@fds-components-public/fds-image-editor-compare": {
      "version": "1.0.2",
      "resolved": "https://registry.npmjs.org/@fds-components-public/fds-image-editor-compare/-/fds-image-editor-compare-1.0.2.tgz",
      "integrity": "sha512-vqDlKoKU7tb6cIy5LTYITlSvUfgwI7BLD/v34EWm8E2V/b0fvDeFCf7sn0jQr2VVe6yWOxXvTiMrqAC/BMYFLw=="
    },
    "@fds-components-public/fds-image-editor-sam": {
      "version": "1.0.5",
      "resolved": "https://registry.npmjs.org/@fds-components-public/fds-image-editor-sam/-/fds-image-editor-sam-1.0.5.tgz",
      "integrity": "sha512-AE0D7FA+y3FyvdqcZYdn9nQZX6++8Gjs6Lm5khlCQHVOQLGoNEP1UO0CRjcMKzV22OvhmSOTxLroewoXhJ6gcw=="
    },
    "@fds-components-public/fds-image-editor-text": {
      "version": "1.0.7",
      "resolved": "https://registry.npmjs.org/@fds-components-public/fds-image-editor-text/-/fds-image-editor-text-1.0.7.tgz",
      "integrity": "sha512-PzQ9Hu5wFVoasNFGwdKUqgwUz7ucKWqpS/V+8cqQ19ub9QNqgFdnYXquk9yuGHFPTqq+bxXPK4FkRzLD5uAOdg=="
    }
  }
}
